// !$*UTF8*$!
{
	archiveVersion = 1;
	classes = {
	};
	objectVersion = 48;
	objects = {

/* Begin PBXBuildFile section */
		CD03A50F20C13A3D004BE7D5 /* YZAPI.swift in Sources */ = {isa = PBXBuildFile; fileRef = CD03A50E20C13A3D004BE7D5 /* YZAPI.swift */; };
		CD06E7341F15F462007B76B1 /* Url_macro.swift in Sources */ = {isa = PBXBuildFile; fileRef = CD06E7331F15F462007B76B1 /* Url_macro.swift */; };
		CD06E7361F15F636007B76B1 /* Notify_macro.swift in Sources */ = {isa = PBXBuildFile; fileRef = CD06E7351F15F636007B76B1 /* Notify_macro.swift */; };
		CD06E7381F15F6B0007B76B1 /* Db_macro.swift in Sources */ = {isa = PBXBuildFile; fileRef = CD06E7371F15F6B0007B76B1 /* Db_macro.swift */; };
		CD06E73A1F15FD8A007B76B1 /* UZaoProject_macro.swift in Sources */ = {isa = PBXBuildFile; fileRef = CD06E7391F15FD8A007B76B1 /* UZaoProject_macro.swift */; };
		CD06E73C1F160085007B76B1 /* UZString_macro.swift in Sources */ = {isa = PBXBuildFile; fileRef = CD06E73B1F160085007B76B1 /* UZString_macro.swift */; };
		CD06E7401F16135F007B76B1 /* Alamofire.framework in Frameworks */ = {isa = PBXBuildFile; fileRef = CD06E73F1F16135F007B76B1 /* Alamofire.framework */; };
		CD84C7E521241C7D00695B0A /* YZEntity.swift in Sources */ = {isa = PBXBuildFile; fileRef = CD84C7E421241C7D00695B0A /* YZEntity.swift */; };
		CD89B1E0208089920002F1E7 /* MainTabBarController.swift in Sources */ = {isa = PBXBuildFile; fileRef = CD89B1DF208089920002F1E7 /* MainTabBarController.swift */; };
		CD89B1E520808E030002F1E7 /* UIColor+hexColor.swift in Sources */ = {isa = PBXBuildFile; fileRef = CD89B1E420808E030002F1E7 /* UIColor+hexColor.swift */; };
		CD89B1E7208099C40002F1E7 /* MainTabBar.swift in Sources */ = {isa = PBXBuildFile; fileRef = CD89B1E6208099C40002F1E7 /* MainTabBar.swift */; };
		CD89B1E920809B090002F1E7 /* MainNavigationController.swift in Sources */ = {isa = PBXBuildFile; fileRef = CD89B1E820809B090002F1E7 /* MainNavigationController.swift */; };
		CDCAF66C1F18A9CB00A19B6B /* HomeViewController.swift in Sources */ = {isa = PBXBuildFile; fileRef = CDCAF66B1F18A9CB00A19B6B /* HomeViewController.swift */; };
		CDCAF66E1F18A9DE00A19B6B /* MarketViewController.swift in Sources */ = {isa = PBXBuildFile; fileRef = CDCAF66D1F18A9DE00A19B6B /* MarketViewController.swift */; };
		CDCAF6721F18AA0600A19B6B /* CartViewController.swift in Sources */ = {isa = PBXBuildFile; fileRef = CDCAF6711F18AA0600A19B6B /* CartViewController.swift */; };
		CDCAF6741F18AA2400A19B6B /* UserViewController.swift in Sources */ = {isa = PBXBuildFile; fileRef = CDCAF6731F18AA2400A19B6B /* UserViewController.swift */; };
		CDCAF6771F18AA4100A19B6B /* BaseViewController.swift in Sources */ = {isa = PBXBuildFile; fileRef = CDCAF6761F18AA4100A19B6B /* BaseViewController.swift */; };
		CDE2A37C1F135E9900C23DBF /* AppDelegate.swift in Sources */ = {isa = PBXBuildFile; fileRef = CDE2A37B1F135E9900C23DBF /* AppDelegate.swift */; };
		CDE2A3831F135E9900C23DBF /* Assets.xcassets in Resources */ = {isa = PBXBuildFile; fileRef = CDE2A3821F135E9900C23DBF /* Assets.xcassets */; };
		CDE2A3861F135E9900C23DBF /* LaunchScreen.storyboard in Resources */ = {isa = PBXBuildFile; fileRef = CDE2A3841F135E9900C23DBF /* LaunchScreen.storyboard */; };
		CDE2A3981F13762700C23DBF /* UZCommon_macro.swift in Sources */ = {isa = PBXBuildFile; fileRef = CDE2A3971F13762700C23DBF /* UZCommon_macro.swift */; };
		FB2DB7FEB0679B3C0313C0DB /* Pods_HelloSwift.framework in Frameworks */ = {isa = PBXBuildFile; fileRef = 1098C38016A68A4E7E340001 /* Pods_HelloSwift.framework */; };
/* End PBXBuildFile section */

/* Begin PBXFileReference section */
		1098C38016A68A4E7E340001 /* Pods_HelloSwift.framework */ = {isa = PBXFileReference; explicitFileType = wrapper.framework; includeInIndex = 0; path = Pods_HelloSwift.framework; sourceTree = BUILT_PRODUCTS_DIR; };
		6C9FDE0E79B19ED31746BDFE /* Pods-HelloSwift.debug.xcconfig */ = {isa = PBXFileReference; includeInIndex = 1; lastKnownFileType = text.xcconfig; name = "Pods-HelloSwift.debug.xcconfig"; path = "Pods/Target Support Files/Pods-HelloSwift/Pods-HelloSwift.debug.xcconfig"; sourceTree = "<group>"; };
		CD03A50E20C13A3D004BE7D5 /* YZAPI.swift */ = {isa = PBXFileReference; lastKnownFileType = sourcecode.swift; path = YZAPI.swift; sourceTree = "<group>"; };
		CD06E7331F15F462007B76B1 /* Url_macro.swift */ = {isa = PBXFileReference; lastKnownFileType = sourcecode.swift; path = Url_macro.swift; sourceTree = "<group>"; };
		CD06E7351F15F636007B76B1 /* Notify_macro.swift */ = {isa = PBXFileReference; lastKnownFileType = sourcecode.swift; path = Notify_macro.swift; sourceTree = "<group>"; };
		CD06E7371F15F6B0007B76B1 /* Db_macro.swift */ = {isa = PBXFileReference; lastKnownFileType = sourcecode.swift; path = Db_macro.swift; sourceTree = "<group>"; };
		CD06E7391F15FD8A007B76B1 /* UZaoProject_macro.swift */ = {isa = PBXFileReference; lastKnownFileType = sourcecode.swift; path = UZaoProject_macro.swift; sourceTree = "<group>"; };
		CD06E73B1F160085007B76B1 /* UZString_macro.swift */ = {isa = PBXFileReference; lastKnownFileType = sourcecode.swift; path = UZString_macro.swift; sourceTree = "<group>"; };
		CD06E73F1F16135F007B76B1 /* Alamofire.framework */ = {isa = PBXFileReference; lastKnownFileType = wrapper.framework; name = Alamofire.framework; path = "../../../Library/Developer/Xcode/DerivedData/HelloSwift-frdajbcucrlpqvgykvecgglxesml/Build/Products/Debug-iphonesimulator/Alamofire/Alamofire.framework"; sourceTree = "<group>"; };
		CD84C7E421241C7D00695B0A /* YZEntity.swift */ = {isa = PBXFileReference; lastKnownFileType = sourcecode.swift; path = YZEntity.swift; sourceTree = "<group>"; };
		CD89B1DF208089920002F1E7 /* MainTabBarController.swift */ = {isa = PBXFileReference; lastKnownFileType = sourcecode.swift; path = MainTabBarController.swift; sourceTree = "<group>"; };
		CD89B1E420808E030002F1E7 /* UIColor+hexColor.swift */ = {isa = PBXFileReference; lastKnownFileType = sourcecode.swift; path = "UIColor+hexColor.swift"; sourceTree = "<group>"; };
		CD89B1E6208099C40002F1E7 /* MainTabBar.swift */ = {isa = PBXFileReference; lastKnownFileType = sourcecode.swift; path = MainTabBar.swift; sourceTree = "<group>"; };
		CD89B1E820809B090002F1E7 /* MainNavigationController.swift */ = {isa = PBXFileReference; lastKnownFileType = sourcecode.swift; path = MainNavigationController.swift; sourceTree = "<group>"; };
		CDCAF66B1F18A9CB00A19B6B /* HomeViewController.swift */ = {isa = PBXFileReference; lastKnownFileType = sourcecode.swift; path = HomeViewController.swift; sourceTree = "<group>"; };
		CDCAF66D1F18A9DE00A19B6B /* MarketViewController.swift */ = {isa = PBXFileReference; lastKnownFileType = sourcecode.swift; path = MarketViewController.swift; sourceTree = "<group>"; };
		CDCAF6711F18AA0600A19B6B /* CartViewController.swift */ = {isa = PBXFileReference; lastKnownFileType = sourcecode.swift; path = CartViewController.swift; sourceTree = "<group>"; };
		CDCAF6731F18AA2400A19B6B /* UserViewController.swift */ = {isa = PBXFileReference; lastKnownFileType = sourcecode.swift; path = UserViewController.swift; sourceTree = "<group>"; };
		CDCAF6761F18AA4100A19B6B /* BaseViewController.swift */ = {isa = PBXFileReference; lastKnownFileType = sourcecode.swift; path = BaseViewController.swift; sourceTree = "<group>"; };
		CDE2A3781F135E9900C23DBF /* HelloSwift.app */ = {isa = PBXFileReference; explicitFileType = wrapper.application; includeInIndex = 0; path = HelloSwift.app; sourceTree = BUILT_PRODUCTS_DIR; };
		CDE2A37B1F135E9900C23DBF /* AppDelegate.swift */ = {isa = PBXFileReference; lastKnownFileType = sourcecode.swift; path = AppDelegate.swift; sourceTree = "<group>"; };
		CDE2A3821F135E9900C23DBF /* Assets.xcassets */ = {isa = PBXFileReference; lastKnownFileType = folder.assetcatalog; path = Assets.xcassets; sourceTree = "<group>"; };
		CDE2A3851F135E9900C23DBF /* Base */ = {isa = PBXFileReference; lastKnownFileType = file.storyboard; name = Base; path = Base.lproj/LaunchScreen.storyboard; sourceTree = "<group>"; };
		CDE2A3871F135E9900C23DBF /* Info.plist */ = {isa = PBXFileReference; lastKnownFileType = text.plist.xml; path = Info.plist; sourceTree = "<group>"; };
		CDE2A3971F13762700C23DBF /* UZCommon_macro.swift */ = {isa = PBXFileReference; lastKnownFileType = sourcecode.swift; path = UZCommon_macro.swift; sourceTree = "<group>"; };
		EFB67ABB03EC3D79691E453F /* Pods-HelloSwift.release.xcconfig */ = {isa = PBXFileReference; includeInIndex = 1; lastKnownFileType = text.xcconfig; name = "Pods-HelloSwift.release.xcconfig"; path = "Pods/Target Support Files/Pods-HelloSwift/Pods-HelloSwift.release.xcconfig"; sourceTree = "<group>"; };
/* End PBXFileReference section */

/* Begin PBXFrameworksBuildPhase section */
		CDE2A3751F135E9900C23DBF /* Frameworks */ = {
			isa = PBXFrameworksBuildPhase;
			buildActionMask = 2147483647;
			files = (
				CD06E7401F16135F007B76B1 /* Alamofire.framework in Frameworks */,
				FB2DB7FEB0679B3C0313C0DB /* Pods_HelloSwift.framework in Frameworks */,
			);
			runOnlyForDeploymentPostprocessing = 0;
		};
/* End PBXFrameworksBuildPhase section */

/* Begin PBXGroup section */
		66357F74A80D5D601D1A26D8 /* Pods */ = {
			isa = PBXGroup;
			children = (
				6C9FDE0E79B19ED31746BDFE /* Pods-HelloSwift.debug.xcconfig */,
				EFB67ABB03EC3D79691E453F /* Pods-HelloSwift.release.xcconfig */,
			);
			name = Pods;
			sourceTree = "<group>";
		};
		CD89B1E120808BFE0002F1E7 /* Category */ = {
			isa = PBXGroup;
			children = (
				CD89B1E420808E030002F1E7 /* UIColor+hexColor.swift */,
			);
			name = Category;
			sourceTree = "<group>";
		};
		CDCAF6661F18A88600A19B6B /* Modules */ = {
			isa = PBXGroup;
			children = (
				CDCAF6751F18AA2B00A19B6B /* Base */,
				CDCAF66A1F18A98900A19B6B /* Settings */,
				CDCAF6691F18A97600A19B6B /* Order */,
				CDCAF6681F18A95E00A19B6B /* LoginAndRegister */,
				CDCAF6671F18A93D00A19B6B /* Main */,
			);
			name = Modules;
			sourceTree = "<group>";
		};
		CDCAF6671F18A93D00A19B6B /* Main */ = {
			isa = PBXGroup;
			children = (
				CDCAF66B1F18A9CB00A19B6B /* HomeViewController.swift */,
				CDCAF66D1F18A9DE00A19B6B /* MarketViewController.swift */,
				CDCAF6711F18AA0600A19B6B /* CartViewController.swift */,
				CDCAF6731F18AA2400A19B6B /* UserViewController.swift */,
			);
			path = Main;
			sourceTree = "<group>";
		};
		CDCAF6681F18A95E00A19B6B /* LoginAndRegister */ = {
			isa = PBXGroup;
			children = (
			);
			path = LoginAndRegister;
			sourceTree = "<group>";
		};
		CDCAF6691F18A97600A19B6B /* Order */ = {
			isa = PBXGroup;
			children = (
			);
			path = Order;
			sourceTree = "<group>";
		};
		CDCAF66A1F18A98900A19B6B /* Settings */ = {
			isa = PBXGroup;
			children = (
			);
			path = Settings;
			sourceTree = "<group>";
		};
		CDCAF6751F18AA2B00A19B6B /* Base */ = {
			isa = PBXGroup;
			children = (
				CDCAF6761F18AA4100A19B6B /* BaseViewController.swift */,
				CD89B1DF208089920002F1E7 /* MainTabBarController.swift */,
				CD89B1E6208099C40002F1E7 /* MainTabBar.swift */,
				CD89B1E820809B090002F1E7 /* MainNavigationController.swift */,
			);
			path = Base;
			sourceTree = "<group>";
		};
		CDE2A36F1F135E9900C23DBF = {
			isa = PBXGroup;
			children = (
				CDE2A37A1F135E9900C23DBF /* HelloSwift */,
				CDE2A3791F135E9900C23DBF /* Products */,
				66357F74A80D5D601D1A26D8 /* Pods */,
				D7BD1A53678010CA17764E9E /* Frameworks */,
			);
			sourceTree = "<group>";
		};
		CDE2A3791F135E9900C23DBF /* Products */ = {
			isa = PBXGroup;
			children = (
				CDE2A3781F135E9900C23DBF /* HelloSwift.app */,
			);
			name = Products;
			sourceTree = "<group>";
		};
		CDE2A37A1F135E9900C23DBF /* HelloSwift */ = {
			isa = PBXGroup;
			children = (
				CDE2A37B1F135E9900C23DBF /* AppDelegate.swift */,
				CDCAF6661F18A88600A19B6B /* Modules */,
				CD89B1E120808BFE0002F1E7 /* Category */,
				CDE2A3931F1374B200C23DBF /* Service */,
				CDE2A38D1F13717F00C23DBF /* Macro */,
				CDE2A3821F135E9900C23DBF /* Assets.xcassets */,
				CDE2A3841F135E9900C23DBF /* LaunchScreen.storyboard */,
				CDE2A3871F135E9900C23DBF /* Info.plist */,
			);
			path = HelloSwift;
			sourceTree = "<group>";
		};
		CDE2A38D1F13717F00C23DBF /* Macro */ = {
			isa = PBXGroup;
			children = (
				CDE2A3971F13762700C23DBF /* UZCommon_macro.swift */,
				CD06E7331F15F462007B76B1 /* Url_macro.swift */,
				CD06E7351F15F636007B76B1 /* Notify_macro.swift */,
				CD06E7371F15F6B0007B76B1 /* Db_macro.swift */,
				CD06E7391F15FD8A007B76B1 /* UZaoProject_macro.swift */,
				CD06E73B1F160085007B76B1 /* UZString_macro.swift */,
			);
			name = Macro;
			sourceTree = "<group>";
		};
		CDE2A3931F1374B200C23DBF /* Service */ = {
			isa = PBXGroup;
			children = (
				CD03A50E20C13A3D004BE7D5 /* YZAPI.swift */,
				CD84C7E421241C7D00695B0A /* YZEntity.swift */,
			);
			name = Service;
			sourceTree = "<group>";
		};
		D7BD1A53678010CA17764E9E /* Frameworks */ = {
			isa = PBXGroup;
			children = (
				CD06E73F1F16135F007B76B1 /* Alamofire.framework */,
				1098C38016A68A4E7E340001 /* Pods_HelloSwift.framework */,
			);
			name = Frameworks;
			sourceTree = "<group>";
		};
/* End PBXGroup section */

/* Begin PBXNativeTarget section */
		CDE2A3771F135E9900C23DBF /* HelloSwift */ = {
			isa = PBXNativeTarget;
			buildConfigurationList = CDE2A38A1F135E9900C23DBF /* Build configuration list for PBXNativeTarget "HelloSwift" */;
			buildPhases = (
				D6930E148046ACECEED44E13 /* [CP] Check Pods Manifest.lock */,
				CDE2A3741F135E9900C23DBF /* Sources */,
				CDE2A3751F135E9900C23DBF /* Frameworks */,
				CDE2A3761F135E9900C23DBF /* Resources */,
				9CC2D3785AB3112B16C147B0 /* [CP] Embed Pods Frameworks */,
			);
			buildRules = (
			);
			dependencies = (
			);
			name = HelloSwift;
			productName = HelloSwift;
			productReference = CDE2A3781F135E9900C23DBF /* HelloSwift.app */;
			productType = "com.apple.product-type.application";
		};
/* End PBXNativeTarget section */

/* Begin PBXProject section */
		CDE2A3701F135E9900C23DBF /* Project object */ = {
			isa = PBXProject;
			attributes = {
				LastSwiftUpdateCheck = 0900;
				LastUpgradeCheck = 0900;
				ORGANIZATIONNAME = zhaotai;
				TargetAttributes = {
					CDE2A3771F135E9900C23DBF = {
						CreatedOnToolsVersion = 9.0;
					};
				};
			};
			buildConfigurationList = CDE2A3731F135E9900C23DBF /* Build configuration list for PBXProject "HelloSwift" */;
			compatibilityVersion = "Xcode 8.0";
			developmentRegion = en;
			hasScannedForEncodings = 0;
			knownRegions = (
				en,
				Base,
			);
			mainGroup = CDE2A36F1F135E9900C23DBF;
			productRefGroup = CDE2A3791F135E9900C23DBF /* Products */;
			projectDirPath = "";
			projectRoot = "";
			targets = (
				CDE2A3771F135E9900C23DBF /* HelloSwift */,
			);
		};
/* End PBXProject section */

/* Begin PBXResourcesBuildPhase section */
		CDE2A3761F135E9900C23DBF /* Resources */ = {
			isa = PBXResourcesBuildPhase;
			buildActionMask = 2147483647;
			files = (
				CDE2A3861F135E9900C23DBF /* LaunchScreen.storyboard in Resources */,
				CDE2A3831F135E9900C23DBF /* Assets.xcassets in Resources */,
			);
			runOnlyForDeploymentPostprocessing = 0;
		};
/* End PBXResourcesBuildPhase section */

/* Begin PBXShellScriptBuildPhase section */
		9CC2D3785AB3112B16C147B0 /* [CP] Embed Pods Frameworks */ = {
			isa = PBXShellScriptBuildPhase;
			buildActionMask = 2147483647;
			files = (
			);
			inputPaths = (
				"${SRCROOT}/Pods/Target Support Files/Pods-HelloSwift/Pods-HelloSwift-frameworks.sh",
				"${BUILT_PRODUCTS_DIR}/Alamofire/Alamofire.framework",
				"${BUILT_PRODUCTS_DIR}/HandyJSON/HandyJSON.framework",
				"${BUILT_PRODUCTS_DIR}/Kingfisher/Kingfisher.framework",
				"${BUILT_PRODUCTS_DIR}/MJRefresh/MJRefresh.framework",
				"${BUILT_PRODUCTS_DIR}/Moya/Moya.framework",
				"${BUILT_PRODUCTS_DIR}/ObjcExceptionBridging/ObjcExceptionBridging.framework",
				"${BUILT_PRODUCTS_DIR}/Result/Result.framework",
				"${BUILT_PRODUCTS_DIR}/SVProgressHUD/SVProgressHUD.framework",
				"${BUILT_PRODUCTS_DIR}/SkeletonView/SkeletonView.framework",
				"${BUILT_PRODUCTS_DIR}/SnapKit/SnapKit.framework",
				"${BUILT_PRODUCTS_DIR}/SwiftMessages/SwiftMessages.framework",
				"${BUILT_PRODUCTS_DIR}/SwiftyJSON/SwiftyJSON.framework",
				"${BUILT_PRODUCTS_DIR}/SwipeMenuViewController/SwipeMenuViewController.framework",
				"${BUILT_PRODUCTS_DIR}/XCGLogger/XCGLogger.framework",
				"${BUILT_PRODUCTS_DIR}/YYKit/YYKit.framework",
			);
			name = "[CP] Embed Pods Frameworks";
			outputPaths = (
				"${TARGET_BUILD_DIR}/${FRAMEWORKS_FOLDER_PATH}/Alamofire.framework",
				"${TARGET_BUILD_DIR}/${FRAMEWORKS_FOLDER_PATH}/HandyJSON.framework",
				"${TARGET_BUILD_DIR}/${FRAMEWORKS_FOLDER_PATH}/Kingfisher.framework",
				"${TARGET_BUILD_DIR}/${FRAMEWORKS_FOLDER_PATH}/MJRefresh.framework",
				"${TARGET_BUILD_DIR}/${FRAMEWORKS_FOLDER_PATH}/Moya.framework",
				"${TARGET_BUILD_DIR}/${FRAMEWORKS_FOLDER_PATH}/ObjcExceptionBridging.framework",
				"${TARGET_BUILD_DIR}/${FRAMEWORKS_FOLDER_PATH}/Result.framework",
				"${TARGET_BUILD_DIR}/${FRAMEWORKS_FOLDER_PATH}/SVProgressHUD.framework",
				"${TARGET_BUILD_DIR}/${FRAMEWORKS_FOLDER_PATH}/SkeletonView.framework",
				"${TARGET_BUILD_DIR}/${FRAMEWORKS_FOLDER_PATH}/SnapKit.framework",
				"${TARGET_BUILD_DIR}/${FRAMEWORKS_FOLDER_PATH}/SwiftMessages.framework",
				"${TARGET_BUILD_DIR}/${FRAMEWORKS_FOLDER_PATH}/SwiftyJSON.framework",
				"${TARGET_BUILD_DIR}/${FRAMEWORKS_FOLDER_PATH}/SwipeMenuViewController.framework",
				"${TARGET_BUILD_DIR}/${FRAMEWORKS_FOLDER_PATH}/XCGLogger.framework",
				"${TARGET_BUILD_DIR}/${FRAMEWORKS_FOLDER_PATH}/YYKit.framework",
			);
			runOnlyForDeploymentPostprocessing = 0;
			shellPath = /bin/sh;
			shellScript = "\"${SRCROOT}/Pods/Target Support Files/Pods-HelloSwift/Pods-HelloSwift-frameworks.sh\"\n";
			showEnvVarsInLog = 0;
		};
		D6930E148046ACECEED44E13 /* [CP] Check Pods Manifest.lock */ = {
			isa = PBXShellScriptBuildPhase;
			buildActionMask = 2147483647;
			files = (
			);
			inputPaths = (
				"${PODS_PODFILE_DIR_PATH}/Podfile.lock",
				"${PODS_ROOT}/Manifest.lock",
			);
			name = "[CP] Check Pods Manifest.lock";
			outputPaths = (
				"$(DERIVED_FILE_DIR)/Pods-HelloSwift-checkManifestLockResult.txt",
			);
			runOnlyForDeploymentPostprocessing = 0;
			shellPath = /bin/sh;
			shellScript = "diff \"${PODS_PODFILE_DIR_PATH}/Podfile.lock\" \"${PODS_ROOT}/Manifest.lock\" > /dev/null\nif [ $? != 0 ] ; then\n    # print error to STDERR\n    echo \"error: The sandbox is not in sync with the Podfile.lock. Run 'pod install' or update your CocoaPods installation.\" >&2\n    exit 1\nfi\n# This output is used by Xcode 'outputs' to avoid re-running this script phase.\necho \"SUCCESS\" > \"${SCRIPT_OUTPUT_FILE_0}\"\n";
			showEnvVarsInLog = 0;
		};
/* End PBXShellScriptBuildPhase section */

/* Begin PBXSourcesBuildPhase section */
		CDE2A3741F135E9900C23DBF /* Sources */ = {
			isa = PBXSourcesBuildPhase;
			buildActionMask = 2147483647;
			files = (
				CD89B1E7208099C40002F1E7 /* MainTabBar.swift in Sources */,
				CD06E73A1F15FD8A007B76B1 /* UZaoProject_macro.swift in Sources */,
				CDE2A3981F13762700C23DBF /* UZCommon_macro.swift in Sources */,
				CD89B1E520808E030002F1E7 /* UIColor+hexColor.swift in Sources */,
				CD06E7381F15F6B0007B76B1 /* Db_macro.swift in Sources */,
				CDCAF6771F18AA4100A19B6B /* BaseViewController.swift in Sources */,
				CD84C7E521241C7D00695B0A /* YZEntity.swift in Sources */,
				CD89B1E920809B090002F1E7 /* MainNavigationController.swift in Sources */,
				CDCAF6721F18AA0600A19B6B /* CartViewController.swift in Sources */,
				CD03A50F20C13A3D004BE7D5 /* YZAPI.swift in Sources */,
				CDCAF6741F18AA2400A19B6B /* UserViewController.swift in Sources */,
				CDCAF66C1F18A9CB00A19B6B /* HomeViewController.swift in Sources */,
				CD06E7341F15F462007B76B1 /* Url_macro.swift in Sources */,
				CDCAF66E1F18A9DE00A19B6B /* MarketViewController.swift in Sources */,
				CD06E7361F15F636007B76B1 /* Notify_macro.swift in Sources */,
				CD06E73C1F160085007B76B1 /* UZString_macro.swift in Sources */,
				CDE2A37C1F135E9900C23DBF /* AppDelegate.swift in Sources */,
				CD89B1E0208089920002F1E7 /* MainTabBarController.swift in Sources */,
			);
			runOnlyForDeploymentPostprocessing = 0;
		};
/* End PBXSourcesBuildPhase section */

/* Begin PBXVariantGroup section */
		CDE2A3841F135E9900C23DBF /* LaunchScreen.storyboard */ = {
			isa = PBXVariantGroup;
			children = (
				CDE2A3851F135E9900C23DBF /* Base */,
			);
			name = LaunchScreen.storyboard;
			sourceTree = "<group>";
		};
/* End PBXVariantGroup section */

/* Begin XCBuildConfiguration section */
		CDE2A3881F135E9900C23DBF /* Debug */ = {
			isa = XCBuildConfiguration;
			buildSettings = {
				ALWAYS_SEARCH_USER_PATHS = NO;
				CLANG_ANALYZER_NONNULL = YES;
				CLANG_ANALYZER_NUMBER_OBJECT_CONVERSION = YES_AGGRESSIVE;
				CLANG_CXX_LANGUAGE_STANDARD = "gnu++14";
				CLANG_CXX_LIBRARY = "libc++";
				CLANG_ENABLE_MODULES = YES;
				CLANG_ENABLE_OBJC_ARC = YES;
				CLANG_WARN_BLOCK_CAPTURE_AUTORELEASING = YES;
				CLANG_WARN_BOOL_CONVERSION = YES;
				CLANG_WARN_COMMA = YES;
				CLANG_WARN_CONSTANT_CONVERSION = YES;
				CLANG_WARN_DIRECT_OBJC_ISA_USAGE = YES_ERROR;
				CLANG_WARN_DOCUMENTATION_COMMENTS = YES;
				CLANG_WARN_EMPTY_BODY = YES;
				CLANG_WARN_ENUM_CONVERSION = YES;
				CLANG_WARN_INFINITE_RECURSION = YES;
				CLANG_WARN_INT_CONVERSION = YES;
				CLANG_WARN_OBJC_ROOT_CLASS = YES_ERROR;
				CLANG_WARN_RANGE_LOOP_ANALYSIS = YES;
				CLANG_WARN_STRICT_PROTOTYPES = YES;
				CLANG_WARN_SUSPICIOUS_MOVE = YES;
				CLANG_WARN_UNGUARDED_AVAILABILITY = YES_AGGRESSIVE;
				CLANG_WARN_UNREACHABLE_CODE = YES;
				CLANG_WARN__DUPLICATE_METHOD_MATCH = YES;
				CODE_SIGN_IDENTITY = "iPhone Developer";
				COPY_PHASE_STRIP = NO;
				DEBUG_INFORMATION_FORMAT = dwarf;
				ENABLE_STRICT_OBJC_MSGSEND = YES;
				ENABLE_TESTABILITY = YES;
				GCC_C_LANGUAGE_STANDARD = gnu11;
				GCC_DYNAMIC_NO_PIC = NO;
				GCC_NO_COMMON_BLOCKS = YES;
				GCC_OPTIMIZATION_LEVEL = 0;
				GCC_PREPROCESSOR_DEFINITIONS = (
					"DEBUG=1",
					"$(inherited)",
				);
				GCC_WARN_64_TO_32_BIT_CONVERSION = YES;
				GCC_WARN_ABOUT_RETURN_TYPE = YES_ERROR;
				GCC_WARN_UNDECLARED_SELECTOR = YES;
				GCC_WARN_UNINITIALIZED_AUTOS = YES_AGGRESSIVE;
				GCC_WARN_UNUSED_FUNCTION = YES;
				GCC_WARN_UNUSED_VARIABLE = YES;
				IPHONEOS_DEPLOYMENT_TARGET = 11.0;
				MTL_ENABLE_DEBUG_INFO = YES;
				ONLY_ACTIVE_ARCH = YES;
				SDKROOT = iphoneos;
				SWIFT_ACTIVE_COMPILATION_CONDITIONS = DEBUG;
				SWIFT_OPTIMIZATION_LEVEL = "-Onone";
			};
			name = Debug;
		};
		CDE2A3891F135E9900C23DBF /* Release */ = {
			isa = XCBuildConfiguration;
			buildSettings = {
				ALWAYS_SEARCH_USER_PATHS = NO;
				CLANG_ANALYZER_NONNULL = YES;
				CLANG_ANALYZER_NUMBER_OBJECT_CONVERSION = YES_AGGRESSIVE;
				CLANG_CXX_LANGUAGE_STANDARD = "gnu++14";
				CLANG_CXX_LIBRARY = "libc++";
				CLANG_ENABLE_MODULES = YES;
				CLANG_ENABLE_OBJC_ARC = YES;
				CLANG_WARN_BLOCK_CAPTURE_AUTORELEASING = YES;
				CLANG_WARN_BOOL_CONVERSION = YES;
				CLANG_WARN_COMMA = YES;
				CLANG_WARN_CONSTANT_CONVERSION = YES;
				CLANG_WARN_DIRECT_OBJC_ISA_USAGE = YES_ERROR;
				CLANG_WARN_DOCUMENTATION_COMMENTS = YES;
				CLANG_WARN_EMPTY_BODY = YES;
				CLANG_WARN_ENUM_CONVERSION = YES;
				CLANG_WARN_INFINITE_RECURSION = YES;
				CLANG_WARN_INT_CONVERSION = YES;
				CLANG_WARN_OBJC_ROOT_CLASS = YES_ERROR;
				CLANG_WARN_RANGE_LOOP_ANALYSIS = YES;
				CLANG_WARN_STRICT_PROTOTYPES = YES;
				CLANG_WARN_SUSPICIOUS_MOVE = YES;
				CLANG_WARN_UNGUARDED_AVAILABILITY = YES_AGGRESSIVE;
				CLANG_WARN_UNREACHABLE_CODE = YES;
				CLANG_WARN__DUPLICATE_METHOD_MATCH = YES;
				CODE_SIGN_IDENTITY = "iPhone Developer";
				COPY_PHASE_STRIP = NO;
				DEBUG_INFORMATION_FORMAT = "dwarf-with-dsym";
				ENABLE_NS_ASSERTIONS = NO;
				ENABLE_STRICT_OBJC_MSGSEND = YES;
				GCC_C_LANGUAGE_STANDARD = gnu11;
				GCC_NO_COMMON_BLOCKS = YES;
				GCC_WARN_64_TO_32_BIT_CONVERSION = YES;
				GCC_WARN_ABOUT_RETURN_TYPE = YES_ERROR;
				GCC_WARN_UNDECLARED_SELECTOR = YES;
				GCC_WARN_UNINITIALIZED_AUTOS = YES_AGGRESSIVE;
				GCC_WARN_UNUSED_FUNCTION = YES;
				GCC_WARN_UNUSED_VARIABLE = YES;
				IPHONEOS_DEPLOYMENT_TARGET = 11.0;
				MTL_ENABLE_DEBUG_INFO = NO;
				SDKROOT = iphoneos;
				SWIFT_OPTIMIZATION_LEVEL = "-Owholemodule";
				VALIDATE_PRODUCT = YES;
			};
			name = Release;
		};
		CDE2A38B1F135E9900C23DBF /* Debug */ = {
			isa = XCBuildConfiguration;
			baseConfigurationReference = 6C9FDE0E79B19ED31746BDFE /* Pods-HelloSwift.debug.xcconfig */;
			buildSettings = {
				ASSETCATALOG_COMPILER_APPICON_NAME = AppIcon;
				DEVELOPMENT_TEAM = V7GD3TSPX3;
				INFOPLIST_FILE = HelloSwift/Info.plist;
				LD_RUNPATH_SEARCH_PATHS = "$(inherited) @executable_path/Frameworks";
				PRODUCT_BUNDLE_IDENTIFIER = com.zhaotaiapp.HelloSwift;
				PRODUCT_NAME = "$(TARGET_NAME)";
				SWIFT_VERSION = 4.0;
				TARGETED_DEVICE_FAMILY = "1,2";
			};
			name = Debug;
		};
		CDE2A38C1F135E9900C23DBF /* Release */ = {
			isa = XCBuildConfiguration;
			baseConfigurationReference = EFB67ABB03EC3D79691E453F /* Pods-HelloSwift.release.xcconfig */;
			buildSettings = {
				ASSETCATALOG_COMPILER_APPICON_NAME = AppIcon;
				DEVELOPMENT_TEAM = V7GD3TSPX3;
				INFOPLIST_FILE = HelloSwift/Info.plist;
				LD_RUNPATH_SEARCH_PATHS = "$(inherited) @executable_path/Frameworks";
				PRODUCT_BUNDLE_IDENTIFIER = com.zhaotaiapp.HelloSwift;
				PRODUCT_NAME = "$(TARGET_NAME)";
				SWIFT_VERSION = 4.0;
				TARGETED_DEVICE_FAMILY = "1,2";
			};
			name = Release;
		};
/* End XCBuildConfiguration section */

/* Begin XCConfigurationList section */
		CDE2A3731F135E9900C23DBF /* Build configuration list for PBXProject "HelloSwift" */ = {
			isa = XCConfigurationList;
			buildConfigurations = (
				CDE2A3881F135E9900C23DBF /* Debug */,
				CDE2A3891F135E9900C23DBF /* Release */,
			);
			defaultConfigurationIsVisible = 0;
			defaultConfigurationName = Release;
		};
		CDE2A38A1F135E9900C23DBF /* Build configuration list for PBXNativeTarget "HelloSwift" */ = {
			isa = XCConfigurationList;
			buildConfigurations = (
				CDE2A38B1F135E9900C23DBF /* Debug */,
				CDE2A38C1F135E9900C23DBF /* Release */,
			);
			defaultConfigurationIsVisible = 0;
			defaultConfigurationName = Release;
		};
/* End XCConfigurationList section */
	};
	rootObject = CDE2A3701F135E9900C23DBF /* Project object */;
}
